
Microsoft Visual Studio Solution File, Format Version 12.00
# Visual Studio Version 16
VisualStudioVersion = 16.0.32901.82
MinimumVisualStudioVersion = 10.0.40219.1
Project("{FAE04EC0-301F-11D3-BF4B-00C04F79EFBC}") = "Palindrome", "Palindrome\Palindrome.csproj", "{06FB5B30-AF03-4373-ACA6-2E0D915F0350}"
EndProject
Global
	GlobalSection(SolutionConfigurationPlatforms) = preSolution
		Debug|Any CPU = Debug|Any CPU
		Release|Any CPU = Release|Any CPU
	EndGlobalSection
	GlobalSection(ProjectConfigurationPlatforms) = postSolution
		{06FB5B30-AF03-4373-ACA6-2E0D915F0350}.Debug|Any CPU.ActiveCfg = Debug|Any CPU
		{06FB5B30-AF03-4373-ACA6-2E0D915F0350}.Debug|Any CPU.Build.0 = Debug|Any CPU
		{06FB5B30-AF03-4373-ACA6-2E0D915F0350}.Release|Any CPU.ActiveCfg = Release|Any CPU
		{06FB5B30-AF03-4373-ACA6-2E0D915F0350}.Release|Any CPU.Build.0 = Release|Any CPU
	EndGlobalSection
	GlobalSection(SolutionProperties) = preSolution
		HideSolutionNode = FALSE
	EndGlobalSection
	GlobalSection(ExtensibilityGlobals) = postSolution
		SolutionGuid = {0C96DC40-8CDD-45E5-AD9A-00B424C9412B}
	EndGlobalSection
EndGlobal
